
Microsoft Visual Studio Solution File, Format Version 12.00
# Visual Studio Version 17
VisualStudioVersion = 17.5.002.0
MinimumVisualStudioVersion = 10.0.40219.1
Project("{9A19103F-16F7-4668-BE54-9A1E7A4F7556}") = "TextEditor", "TextEditor.csproj", "{B86AFBD7-2762-4E31-845B-1D89728C0DCA}"
EndProject
Global
	GlobalSection(SolutionConfigurationPlatforms) = preSolution
		Debug|Any CPU = Debug|Any CPU
		Release|Any CPU = Release|Any CPU
	EndGlobalSection
	GlobalSection(ProjectConfigurationPlatforms) = postSolution
		{B86AFBD7-2762-4E31-845B-1D89728C0DCA}.Debug|Any CPU.ActiveCfg = Debug|Any CPU
		{B86AFBD7-2762-4E31-845B-1D89728C0DCA}.Debug|Any CPU.Build.0 = Debug|Any CPU
		{B86AFBD7-2762-4E31-845B-1D89728C0DCA}.Release|Any CPU.ActiveCfg = Release|Any CPU
		{B86AFBD7-2762-4E31-845B-1D89728C0DCA}.Release|Any CPU.Build.0 = Release|Any CPU
	EndGlobalSection
	GlobalSection(SolutionProperties) = preSolution
		HideSolutionNode = FALSE
	EndGlobalSection
	GlobalSection(ExtensibilityGlobals) = postSolution
		SolutionGuid = {B3C7B4F1-15F3-4C4F-A19A-65CCD53E813A}
	EndGlobalSection
EndGlobal
